
Microsoft Visual Studio Solution File, Format Version 12.00
# Visual Studio Version 17
VisualStudioVersion = 17.11.35312.102
MinimumVisualStudioVersion = 10.0.40219.1
Project("{FAE04EC0-301F-11D3-BF4B-00C04F79EFBC}") = "15cm_abuse", "15cm_abuse.csproj", "{14FAA163-174B-402C-886E-418BB77F0BD5}"
EndProject
Global
	GlobalSection(SolutionConfigurationPlatforms) = preSolution
		Debug|Any CPU = Debug|Any CPU
		Release|Any CPU = Release|Any CPU
	EndGlobalSection
	GlobalSection(ProjectConfigurationPlatforms) = postSolution
		{14FAA163-174B-402C-886E-418BB77F0BD5}.Debug|Any CPU.ActiveCfg = Debug|Any CPU
		{14FAA163-174B-402C-886E-418BB77F0BD5}.Debug|Any CPU.Build.0 = Debug|Any CPU
		{14FAA163-174B-402C-886E-418BB77F0BD5}.Release|Any CPU.ActiveCfg = Release|Any CPU
		{14FAA163-174B-402C-886E-418BB77F0BD5}.Release|Any CPU.Build.0 = Release|Any CPU
	EndGlobalSection
	GlobalSection(SolutionProperties) = preSolution
		HideSolutionNode = FALSE
	EndGlobalSection
	GlobalSection(ExtensibilityGlobals) = postSolution
		SolutionGuid = {1D2693EE-3CA7-4320-9F5D-C00CE50C2A2E}
	EndGlobalSection
EndGlobal
